
Microsoft Visual Studio Solution File, Format Version 12.00
# Visual Studio Version 16
VisualStudioVersion = 16.0.31729.503
MinimumVisualStudioVersion = 10.0.40219.1
Project("{FAE04EC0-301F-11D3-BF4B-00C04F79EFBC}") = "contact_tracing", "contact_tracing\contact_tracing.csproj", "{3AECEC6D-7A9B-42AF-9A6C-A5DE8FEF8F91}"
EndProject
Global
	GlobalSection(SolutionConfigurationPlatforms) = preSolution
		Debug|Any CPU = Debug|Any CPU
		Release|Any CPU = Release|Any CPU
	EndGlobalSection
	GlobalSection(ProjectConfigurationPlatforms) = postSolution
		{3AECEC6D-7A9B-42AF-9A6C-A5DE8FEF8F91}.Debug|Any CPU.ActiveCfg = Debug|Any CPU
		{3AECEC6D-7A9B-42AF-9A6C-A5DE8FEF8F91}.Debug|Any CPU.Build.0 = Debug|Any CPU
		{3AECEC6D-7A9B-42AF-9A6C-A5DE8FEF8F91}.Release|Any CPU.ActiveCfg = Release|Any CPU
		{3AECEC6D-7A9B-42AF-9A6C-A5DE8FEF8F91}.Release|Any CPU.Build.0 = Release|Any CPU
	EndGlobalSection
	GlobalSection(SolutionProperties) = preSolution
		HideSolutionNode = FALSE
	EndGlobalSection
	GlobalSection(ExtensibilityGlobals) = postSolution
		SolutionGuid = {83112CC6-E5B1-458C-9D4C-A46C95DA852C}
	EndGlobalSection
EndGlobal
